PODS:
  - AFNetworking/Reachability (3.2.1)
  - CocoaLumberjack (3.5.3):
    - CocoaLumberjack/Core (= 3.5.3)
  - CocoaLumberjack/Core (3.5.3)
  - SSZipArchive (2.1.5)

DEPENDENCIES:
  - AFNetworking/Reachability (~> 3.0)
  - CocoaLumberjack
  - SSZipArchive (~> 2.1.5)

SPEC REPOS:
  trunk:
    - AFNetworking
    - CocoaLumberjack
    - SSZipArchive

SPEC CHECKSUMS:
  AFNetworking: b6f891fdfaed196b46c7a83cf209e09697b94057
  CocoaLumberjack: 2f44e60eb91c176d471fdba43b9e3eae6a721947
  SSZipArchive: cefe1364104a0231268a5deb8495bdf2861f52f0

PODFILE CHECKSUM: 90b4e9a28815276270f8224408f7927ec335da66

COCOAPODS: 1.9.1
